
Microsoft Visual Studio Solution File, Format Version 12.00
# Visual Studio 15
VisualStudioVersion = 15.0.28307.168
MinimumVisualStudioVersion = 10.0.40219.1
Project("{FAE04EC0-301F-11D3-BF4B-00C04F79EFBC}") = "RegistroConsultaWeb", "RegistroConsultaWeb\RegistroConsultaWeb.csproj", "{477EE7E0-DF0F-484C-AE0E-6B8A7F849568}"
EndProject
Global
	GlobalSection(SolutionConfigurationPlatforms) = preSolution
		Debug|Any CPU = Debug|Any CPU
		Release|Any CPU = Release|Any CPU
	EndGlobalSection
	GlobalSection(ProjectConfigurationPlatforms) = postSolution
		{477EE7E0-DF0F-484C-AE0E-6B8A7F849568}.Debug|Any CPU.ActiveCfg = Debug|Any CPU
		{477EE7E0-DF0F-484C-AE0E-6B8A7F849568}.Debug|Any CPU.Build.0 = Debug|Any CPU
		{477EE7E0-DF0F-484C-AE0E-6B8A7F849568}.Release|Any CPU.ActiveCfg = Release|Any CPU
		{477EE7E0-DF0F-484C-AE0E-6B8A7F849568}.Release|Any CPU.Build.0 = Release|Any CPU
	EndGlobalSection
	GlobalSection(SolutionProperties) = preSolution
		HideSolutionNode = FALSE
	EndGlobalSection
	GlobalSection(ExtensibilityGlobals) = postSolution
		SolutionGuid = {7A2F58EF-B3F8-4405-952F-B54CCE55593D}
	EndGlobalSection
EndGlobal
