
Microsoft Visual Studio Solution File, Format Version 12.00
# Visual Studio 15
VisualStudioVersion = 15.0.28307.168
MinimumVisualStudioVersion = 10.0.40219.1
Project("{FAE04EC0-301F-11D3-BF4B-00C04F79EFBC}") = "RegistroConsultaWeb", "RegistroConsultaWeb\RegistroConsultaWeb.csproj", "{477EE7E0-DF0F-484C-AE0E-6B8A7F849568}"
EndProject
Project("{FAE04EC0-301F-11D3-BF4B-00C04F79EFBC}") = "BLL", "..\..\..\Desktop\RegistroDeUsuario_Bootstrap-master\BLL\BLL.csproj", "{3349F4A2-A997-49BB-8228-FFE977157145}"
EndProject
Project("{FAE04EC0-301F-11D3-BF4B-00C04F79EFBC}") = "DAL", "..\..\..\Desktop\RegistroDeUsuario_Bootstrap-master\DAL\DAL.csproj", "{36488CA8-E2BB-46C0-AC05-3A1359228564}"
EndProject
Project("{FAE04EC0-301F-11D3-BF4B-00C04F79EFBC}") = "Entities", "..\..\..\Desktop\RegistroDeUsuario_Bootstrap-master\Entities\Entities.csproj", "{9119BD83-FF0E-4379-B9A0-E699D5ED330A}"
EndProject
Global
	GlobalSection(SolutionConfigurationPlatforms) = preSolution
		Debug|Any CPU = Debug|Any CPU
		Release|Any CPU = Release|Any CPU
	EndGlobalSection
	GlobalSection(ProjectConfigurationPlatforms) = postSolution
		{477EE7E0-DF0F-484C-AE0E-6B8A7F849568}.Debug|Any CPU.ActiveCfg = Debug|Any CPU
		{477EE7E0-DF0F-484C-AE0E-6B8A7F849568}.Debug|Any CPU.Build.0 = Debug|Any CPU
		{477EE7E0-DF0F-484C-AE0E-6B8A7F849568}.Release|Any CPU.ActiveCfg = Release|Any CPU
		{477EE7E0-DF0F-484C-AE0E-6B8A7F849568}.Release|Any CPU.Build.0 = Release|Any CPU
		{3349F4A2-A997-49BB-8228-FFE977157145}.Debug|Any CPU.ActiveCfg = Debug|Any CPU
		{3349F4A2-A997-49BB-8228-FFE977157145}.Debug|Any CPU.Build.0 = Debug|Any CPU
		{3349F4A2-A997-49BB-8228-FFE977157145}.Release|Any CPU.ActiveCfg = Release|Any CPU
		{3349F4A2-A997-49BB-8228-FFE977157145}.Release|Any CPU.Build.0 = Release|Any CPU
		{36488CA8-E2BB-46C0-AC05-3A1359228564}.Debug|Any CPU.ActiveCfg = Debug|Any CPU
		{36488CA8-E2BB-46C0-AC05-3A1359228564}.Debug|Any CPU.Build.0 = Debug|Any CPU
		{36488CA8-E2BB-46C0-AC05-3A1359228564}.Release|Any CPU.ActiveCfg = Release|Any CPU
		{36488CA8-E2BB-46C0-AC05-3A1359228564}.Release|Any CPU.Build.0 = Release|Any CPU
		{9119BD83-FF0E-4379-B9A0-E699D5ED330A}.Debug|Any CPU.ActiveCfg = Debug|Any CPU
		{9119BD83-FF0E-4379-B9A0-E699D5ED330A}.Debug|Any CPU.Build.0 = Debug|Any CPU
		{9119BD83-FF0E-4379-B9A0-E699D5ED330A}.Release|Any CPU.ActiveCfg = Release|Any CPU
		{9119BD83-FF0E-4379-B9A0-E699D5ED330A}.Release|Any CPU.Build.0 = Release|Any CPU
	EndGlobalSection
	GlobalSection(SolutionProperties) = preSolution
		HideSolutionNode = FALSE
	EndGlobalSection
	GlobalSection(ExtensibilityGlobals) = postSolution
		SolutionGuid = {7A2F58EF-B3F8-4405-952F-B54CCE55593D}
	EndGlobalSection
EndGlobal
